{
  "name": "react-native-device-log",
  "version": "1.0.2",
  "lockfileVersion": 1,
  "requires": true,
  "dependencies": {
    "@react-native-community/netinfo": {
      "version": "5.3.3",
      "resolved": "https://registry.npmjs.org/@react-native-community/netinfo/-/netinfo-5.3.3.tgz",
      "integrity": "sha512-L4BsdIEEuG5rKkVNzjESdJ1wvusn0kflj/FrwctaW+xkLxiFs1+mdBg/mvqqfXvVFuBEphbyXJTFT4aG4Okkow=="
    }
  }
}
